# THIS IS AN AUTOGENERATED FILE. DO NOT EDIT THIS FILE DIRECTLY.
# yarn lockfile v1


"dompurify@^3.0.1":
  "integrity" "sha512-60tsgvPKwItxZZdfLmamp0MTcecCta3avOhsLgPZ0qcWt96OasFfhkeIRbJ6br5i0fQawT1/RBGB5L58/Jpwuw=="
  "resolved" "https://registry.npmjs.org/dompurify/-/dompurify-3.0.1.tgz"
  "version" "3.0.1"
